
Microsoft Visual Studio Solution File, Format Version 12.00
# Visual Studio Version 16
VisualStudioVersion = 16.0.31729.503
MinimumVisualStudioVersion = 10.0.40219.1
Project("{FAE04EC0-301F-11D3-BF4B-00C04F79EFBC}") = "Yapayzeka_Odev_Berkozgul_Tictoc", "Yapayzeka_Odev_Berkozgul_Tictoc.csproj", "{210B1398-1603-4D5C-8F0D-F909663C9CF6}"
EndProject
Global
	GlobalSection(SolutionConfigurationPlatforms) = preSolution
		Debug|Any CPU = Debug|Any CPU
		Release|Any CPU = Release|Any CPU
	EndGlobalSection
	GlobalSection(ProjectConfigurationPlatforms) = postSolution
		{210B1398-1603-4D5C-8F0D-F909663C9CF6}.Debug|Any CPU.ActiveCfg = Debug|Any CPU
		{210B1398-1603-4D5C-8F0D-F909663C9CF6}.Debug|Any CPU.Build.0 = Debug|Any CPU
		{210B1398-1603-4D5C-8F0D-F909663C9CF6}.Release|Any CPU.ActiveCfg = Release|Any CPU
		{210B1398-1603-4D5C-8F0D-F909663C9CF6}.Release|Any CPU.Build.0 = Release|Any CPU
	EndGlobalSection
	GlobalSection(SolutionProperties) = preSolution
		HideSolutionNode = FALSE
	EndGlobalSection
	GlobalSection(ExtensibilityGlobals) = postSolution
		SolutionGuid = {C82BD75E-76B9-4D09-AB5E-034561DEAFC7}
	EndGlobalSection
EndGlobal
